
Microsoft Visual Studio Solution File, Format Version 11.00
# Visual Studio 2010
Project("{8BC9CEB8-8B4A-11D0-8D11-00A0C91BC942}") = "dllcall", "dllcall.vcxproj", "{BA52D771-F7DC-4B7D-8FF9-9AB10DC23A9A}"
EndProject
Global
	GlobalSection(SolutionConfigurationPlatforms) = preSolution
		Debug|Win32 = Debug|Win32
		Release|Win32 = Release|Win32
	EndGlobalSection
	GlobalSection(ProjectConfigurationPlatforms) = postSolution
		{BA52D771-F7DC-4B7D-8FF9-9AB10DC23A9A}.Debug|Win32.ActiveCfg = Debug|Win32
		{BA52D771-F7DC-4B7D-8FF9-9AB10DC23A9A}.Debug|Win32.Build.0 = Debug|Win32
		{BA52D771-F7DC-4B7D-8FF9-9AB10DC23A9A}.Release|Win32.ActiveCfg = Release|Win32
		{BA52D771-F7DC-4B7D-8FF9-9AB10DC23A9A}.Release|Win32.Build.0 = Release|Win32
	EndGlobalSection
	GlobalSection(SolutionProperties) = preSolution
		HideSolutionNode = FALSE
	EndGlobalSection
EndGlobal
